// !$*UTF8*$!
{
	archiveVersion = 1;
	classes = {
	};
	objectVersion = 50;
	objects = {

/* Begin PBXBuildFile section */
		572E8D9720BF8F0A0067B2D3 /* UIImageView.swift in Sources */ = {isa = PBXBuildFile; fileRef = 572E8D9620BF8F0A0067B2D3 /* UIImageView.swift */; };
		5734844920BEBA74005CE11F /* FeedModel.swift in Sources */ = {isa = PBXBuildFile; fileRef = 5734844620BEBA74005CE11F /* FeedModel.swift */; };
		5734844A20BEBA74005CE11F /* QueryService.swift in Sources */ = {isa = PBXBuildFile; fileRef = 5734844820BEBA74005CE11F /* QueryService.swift */; };
		5734845120BEBAAA005CE11F /* FriendCollectionViewCell.xib in Resources */ = {isa = PBXBuildFile; fileRef = 5734844B20BEBAA9005CE11F /* FriendCollectionViewCell.xib */; };
		5734845320BEBAAA005CE11F /* NewsFeedTableViewCell.swift in Sources */ = {isa = PBXBuildFile; fileRef = 5734844D20BEBAAA005CE11F /* NewsFeedTableViewCell.swift */; };
		5734845520BEBAAA005CE11F /* NewsFeedTableViewCell.xib in Resources */ = {isa = PBXBuildFile; fileRef = 5734844F20BEBAAA005CE11F /* NewsFeedTableViewCell.xib */; };
		5734845620BEBAAA005CE11F /* FriendCollectionViewCell.swift in Sources */ = {isa = PBXBuildFile; fileRef = 5734845020BEBAAA005CE11F /* FriendCollectionViewCell.swift */; };
		5749A03F20DB3F8800CC2564 /* AttachModel.swift in Sources */ = {isa = PBXBuildFile; fileRef = 5749A03E20DB3F8800CC2564 /* AttachModel.swift */; };
		575C92F920C7B1E80016DE49 /* AttachView.swift in Sources */ = {isa = PBXBuildFile; fileRef = 575C92F820C7B1E80016DE49 /* AttachView.swift */; };
		575F9E1120E083AD00271460 /* PhotoView.swift in Sources */ = {isa = PBXBuildFile; fileRef = 575F9E1020E083AD00271460 /* PhotoView.swift */; };
		575F9E1320E083CB00271460 /* PhotoView.xib in Resources */ = {isa = PBXBuildFile; fileRef = 575F9E1220E083CB00271460 /* PhotoView.xib */; };
		576156B320CF721400DAC188 /* LoadMoreCommentTableViewCell.swift in Sources */ = {isa = PBXBuildFile; fileRef = 576156B120CF721400DAC188 /* LoadMoreCommentTableViewCell.swift */; };
		576156B420CF721400DAC188 /* LoadMoreCommentTableViewCell.xib in Resources */ = {isa = PBXBuildFile; fileRef = 576156B220CF721400DAC188 /* LoadMoreCommentTableViewCell.xib */; };
		576156B620CF7AF300DAC188 /* CommentModel.swift in Sources */ = {isa = PBXBuildFile; fileRef = 576156B520CF7AF300DAC188 /* CommentModel.swift */; };
		5761E31F20D9E5900017855C /* UIView.swift in Sources */ = {isa = PBXBuildFile; fileRef = 5761E31E20D9E5900017855C /* UIView.swift */; };
		5761E32320DA0F350017855C /* VideoView.swift in Sources */ = {isa = PBXBuildFile; fileRef = 5761E32220DA0F350017855C /* VideoView.swift */; };
		5761E32520DA244B0017855C /* PhotoShowViewController.swift in Sources */ = {isa = PBXBuildFile; fileRef = 5761E32420DA244B0017855C /* PhotoShowViewController.swift */; };
		5761E32920DA28880017855C /* VideoView.xib in Resources */ = {isa = PBXBuildFile; fileRef = 5761E32820DA28880017855C /* VideoView.xib */; };
		5761E32B20DA3A4E0017855C /* String.swift in Sources */ = {isa = PBXBuildFile; fileRef = 5761E32A20DA3A4E0017855C /* String.swift */; };
		5763014020D7590E001E94A8 /* InfoModel.swift in Sources */ = {isa = PBXBuildFile; fileRef = 5763013F20D7590E001E94A8 /* InfoModel.swift */; };
		5763014520D78805001E94A8 /* Constant.swift in Sources */ = {isa = PBXBuildFile; fileRef = 5763014420D78805001E94A8 /* Constant.swift */; };
		5763014720D78980001E94A8 /* Url.swift in Sources */ = {isa = PBXBuildFile; fileRef = 5763014620D78980001E94A8 /* Url.swift */; };
		5763014F20D7AE32001E94A8 /* PopUpView.swift in Sources */ = {isa = PBXBuildFile; fileRef = 5763014E20D7AE32001E94A8 /* PopUpView.swift */; };
		5763015120D7AE4B001E94A8 /* PopUpView.xib in Resources */ = {isa = PBXBuildFile; fileRef = 5763015020D7AE4B001E94A8 /* PopUpView.xib */; };
		5773C63020CE2F4E00F748E1 /* CommentViewController.swift in Sources */ = {isa = PBXBuildFile; fileRef = 5773C62F20CE2F4E00F748E1 /* CommentViewController.swift */; };
		5773C63220CE4C6E00F748E1 /* Interactor.swift in Sources */ = {isa = PBXBuildFile; fileRef = 5773C63120CE4C6E00F748E1 /* Interactor.swift */; };
		5773C63420CE4C8500F748E1 /* DismissAnimator.swift in Sources */ = {isa = PBXBuildFile; fileRef = 5773C63320CE4C8500F748E1 /* DismissAnimator.swift */; };
		5773C63720CE776600F748E1 /* CommentTableViewCell.swift in Sources */ = {isa = PBXBuildFile; fileRef = 5773C63520CE776600F748E1 /* CommentTableViewCell.swift */; };
		5773C63820CE776600F748E1 /* CommentTableViewCell.xib in Resources */ = {isa = PBXBuildFile; fileRef = 5773C63620CE776600F748E1 /* CommentTableViewCell.xib */; };
		577927D920C12E5C003A9413 /* ProfileViewController.swift in Sources */ = {isa = PBXBuildFile; fileRef = 577927D820C12E5C003A9413 /* ProfileViewController.swift */; };
		577927DB20C144BE003A9413 /* ProfileModel.swift in Sources */ = {isa = PBXBuildFile; fileRef = 577927DA20C144BE003A9413 /* ProfileModel.swift */; };
		5779610E20D211A600E11F9B /* UINavigationController.swift in Sources */ = {isa = PBXBuildFile; fileRef = 5779610D20D211A600E11F9B /* UINavigationController.swift */; };
		5779611020D219AE00E11F9B /* UISearchTextField.swift in Sources */ = {isa = PBXBuildFile; fileRef = 5779610F20D219AE00E11F9B /* UISearchTextField.swift */; };
		5779AF8D20D0B75B0074172E /* PageStoriesViewController.swift in Sources */ = {isa = PBXBuildFile; fileRef = 5779AF8C20D0B75B0074172E /* PageStoriesViewController.swift */; };
		5779AF8F20D0B7780074172E /* StoryViewController.swift in Sources */ = {isa = PBXBuildFile; fileRef = 5779AF8E20D0B7780074172E /* StoryViewController.swift */; };
		5788B1A120C4F941004E731E /* UIColor.swift in Sources */ = {isa = PBXBuildFile; fileRef = 5788B1A020C4F941004E731E /* UIColor.swift */; };
		5788B1A320C50E46004E731E /* UISearchBar.swift in Sources */ = {isa = PBXBuildFile; fileRef = 5788B1A220C50E46004E731E /* UISearchBar.swift */; };
		5788B1A520C51426004E731E /* Int.swift in Sources */ = {isa = PBXBuildFile; fileRef = 5788B1A420C51426004E731E /* Int.swift */; };
		578AC4E520D8942A00F05A9F /* ReactionView.swift in Sources */ = {isa = PBXBuildFile; fileRef = 578AC4E420D8942A00F05A9F /* ReactionView.swift */; };
		578AC4E720D8945400F05A9F /* ReactionView.xib in Resources */ = {isa = PBXBuildFile; fileRef = 578AC4E620D8945400F05A9F /* ReactionView.xib */; };
		578AC4EF20D8AF7600F05A9F /* ReactionAsset.swift in Sources */ = {isa = PBXBuildFile; fileRef = 578AC4EE20D8AF7600F05A9F /* ReactionAsset.swift */; };
		578AC4F120D8B5DA00F05A9F /* ReactionButton.swift in Sources */ = {isa = PBXBuildFile; fileRef = 578AC4F020D8B5DA00F05A9F /* ReactionButton.swift */; };
		578AC4F320D8B5EA00F05A9F /* ReactionButton.xib in Resources */ = {isa = PBXBuildFile; fileRef = 578AC4F220D8B5EA00F05A9F /* ReactionButton.xib */; };
		578F97E120D3BA3A00184A0F /* NewsFeedsViewController.swift in Sources */ = {isa = PBXBuildFile; fileRef = 578F97E020D3BA3A00184A0F /* NewsFeedsViewController.swift */; };
		5791ACE420D2497400F6DB80 /* UILoadingTableView.swift in Sources */ = {isa = PBXBuildFile; fileRef = 5791ACE320D2497400F6DB80 /* UILoadingTableView.swift */; };
		579F13A120BBF00700FC9F13 /* AppDelegate.swift in Sources */ = {isa = PBXBuildFile; fileRef = 579F13A020BBF00700FC9F13 /* AppDelegate.swift */; };
		579F13A620BBF00700FC9F13 /* Main.storyboard in Resources */ = {isa = PBXBuildFile; fileRef = 579F13A420BBF00700FC9F13 /* Main.storyboard */; };
		579F13A820BBF00F00FC9F13 /* Assets.xcassets in Resources */ = {isa = PBXBuildFile; fileRef = 579F13A720BBF00F00FC9F13 /* Assets.xcassets */; };
		579F13AB20BBF00F00FC9F13 /* LaunchScreen.storyboard in Resources */ = {isa = PBXBuildFile; fileRef = 579F13A920BBF00F00FC9F13 /* LaunchScreen.storyboard */; };
		579F13CF20BBF66600FC9F13 /* SignInViewController.swift in Sources */ = {isa = PBXBuildFile; fileRef = 579F13CE20BBF66600FC9F13 /* SignInViewController.swift */; };
		579F13D120BC05C700FC9F13 /* RegisterViewController.swift in Sources */ = {isa = PBXBuildFile; fileRef = 579F13D020BC05C600FC9F13 /* RegisterViewController.swift */; };
		57B2A1B520E2226B006FC9E4 /* AnimateImageView.swift in Sources */ = {isa = PBXBuildFile; fileRef = 57B2A1B420E2226B006FC9E4 /* AnimateImageView.swift */; };
		57B2A1B720E226A2006FC9E4 /* ReusableView.swift in Sources */ = {isa = PBXBuildFile; fileRef = 57B2A1B620E226A2006FC9E4 /* ReusableView.swift */; };
		57B2A1B920E227D1006FC9E4 /* UITableView.swift in Sources */ = {isa = PBXBuildFile; fileRef = 57B2A1B820E227D1006FC9E4 /* UITableView.swift */; };
		57B2A1BB20E2386E006FC9E4 /* UICollectionView.swift in Sources */ = {isa = PBXBuildFile; fileRef = 57B2A1BA20E2386E006FC9E4 /* UICollectionView.swift */; };
		57CB61B420BFD06E002880C2 /* UIViewController.swift in Sources */ = {isa = PBXBuildFile; fileRef = 57CB61B320BFD06E002880C2 /* UIViewController.swift */; };
		57CB61B620BFE9EF002880C2 /* Date.swift in Sources */ = {isa = PBXBuildFile; fileRef = 57CB61B520BFE9EF002880C2 /* Date.swift */; };
		57CB61B820BFEFC9002880C2 /* StoryModel.swift in Sources */ = {isa = PBXBuildFile; fileRef = 57CB61B720BFEFC9002880C2 /* StoryModel.swift */; };
		57CF2CA120CA15820039C58E /* ListAttachView.swift in Sources */ = {isa = PBXBuildFile; fileRef = 57CF2CA020CA15820039C58E /* ListAttachView.swift */; };
		57CF2CA320CA15900039C58E /* ListAttachView.xib in Resources */ = {isa = PBXBuildFile; fileRef = 57CF2CA220CA15900039C58E /* ListAttachView.xib */; };
		57CF2CB320CA705F0039C58E /* UIImage.swift in Sources */ = {isa = PBXBuildFile; fileRef = 57CF2CB220CA705F0039C58E /* UIImage.swift */; };
		57D83C1D20C90E27002E8ADD /* LoadMoreTableViewCell.swift in Sources */ = {isa = PBXBuildFile; fileRef = 57D83C1B20C90E27002E8ADD /* LoadMoreTableViewCell.swift */; };
		57D83C1E20C90E27002E8ADD /* LoadMoreTableViewCell.xib in Resources */ = {isa = PBXBuildFile; fileRef = 57D83C1C20C90E27002E8ADD /* LoadMoreTableViewCell.xib */; };
		E6AE7B0205A8020F8E1E9CCF /* Pods_FacebookNewFeeds.framework in Frameworks */ = {isa = PBXBuildFile; fileRef = 0567382A97521C0D086B9047 /* Pods_FacebookNewFeeds.framework */; };
/* End PBXBuildFile section */

/* Begin PBXFileReference section */
		0567382A97521C0D086B9047 /* Pods_FacebookNewFeeds.framework */ = {isa = PBXFileReference; explicitFileType = wrapper.framework; includeInIndex = 0; path = Pods_FacebookNewFeeds.framework; sourceTree = BUILT_PRODUCTS_DIR; };
		16CE680084F53EFCAC7C34B7 /* Pods_FacebookNewFeedsUITests.framework */ = {isa = PBXFileReference; explicitFileType = wrapper.framework; includeInIndex = 0; path = Pods_FacebookNewFeedsUITests.framework; sourceTree = BUILT_PRODUCTS_DIR; };
		3072659C441CB8A79A5F9DC3 /* Pods-FacebookNewFeeds.debug.xcconfig */ = {isa = PBXFileReference; includeInIndex = 1; lastKnownFileType = text.xcconfig; name = "Pods-FacebookNewFeeds.debug.xcconfig"; path = "Pods/Target Support Files/Pods-FacebookNewFeeds/Pods-FacebookNewFeeds.debug.xcconfig"; sourceTree = "<group>"; };
		572E8D9620BF8F0A0067B2D3 /* UIImageView.swift */ = {isa = PBXFileReference; lastKnownFileType = sourcecode.swift; path = UIImageView.swift; sourceTree = "<group>"; };
		5734844620BEBA74005CE11F /* FeedModel.swift */ = {isa = PBXFileReference; fileEncoding = 4; lastKnownFileType = sourcecode.swift; path = FeedModel.swift; sourceTree = "<group>"; };
		5734844820BEBA74005CE11F /* QueryService.swift */ = {isa = PBXFileReference; fileEncoding = 4; lastKnownFileType = sourcecode.swift; path = QueryService.swift; sourceTree = "<group>"; };
		5734844B20BEBAA9005CE11F /* FriendCollectionViewCell.xib */ = {isa = PBXFileReference; fileEncoding = 4; lastKnownFileType = file.xib; path = FriendCollectionViewCell.xib; sourceTree = "<group>"; };
		5734844D20BEBAAA005CE11F /* NewsFeedTableViewCell.swift */ = {isa = PBXFileReference; fileEncoding = 4; lastKnownFileType = sourcecode.swift; path = NewsFeedTableViewCell.swift; sourceTree = "<group>"; };
		5734844F20BEBAAA005CE11F /* NewsFeedTableViewCell.xib */ = {isa = PBXFileReference; fileEncoding = 4; lastKnownFileType = file.xib; path = NewsFeedTableViewCell.xib; sourceTree = "<group>"; };
		5734845020BEBAAA005CE11F /* FriendCollectionViewCell.swift */ = {isa = PBXFileReference; fileEncoding = 4; lastKnownFileType = sourcecode.swift; path = FriendCollectionViewCell.swift; sourceTree = "<group>"; };
		5749A03E20DB3F8800CC2564 /* AttachModel.swift */ = {isa = PBXFileReference; lastKnownFileType = sourcecode.swift; path = AttachModel.swift; sourceTree = "<group>"; };
		574C52F920CA7C88003F94D9 /* SDWebImage.framework */ = {isa = PBXFileReference; explicitFileType = wrapper.framework; path = SDWebImage.framework; sourceTree = BUILT_PRODUCTS_DIR; };
		574C52FB20CA7CC3003F94D9 /* Alamofire.framework */ = {isa = PBXFileReference; explicitFileType = wrapper.framework; path = Alamofire.framework; sourceTree = BUILT_PRODUCTS_DIR; };
		575C92F820C7B1E80016DE49 /* AttachView.swift */ = {isa = PBXFileReference; lastKnownFileType = sourcecode.swift; path = AttachView.swift; sourceTree = "<group>"; };
		575F9E1020E083AD00271460 /* PhotoView.swift */ = {isa = PBXFileReference; lastKnownFileType = sourcecode.swift; path = PhotoView.swift; sourceTree = "<group>"; };
		575F9E1220E083CB00271460 /* PhotoView.xib */ = {isa = PBXFileReference; lastKnownFileType = file.xib; path = PhotoView.xib; sourceTree = "<group>"; };
		576156B120CF721400DAC188 /* LoadMoreCommentTableViewCell.swift */ = {isa = PBXFileReference; lastKnownFileType = sourcecode.swift; path = LoadMoreCommentTableViewCell.swift; sourceTree = "<group>"; };
		576156B220CF721400DAC188 /* LoadMoreCommentTableViewCell.xib */ = {isa = PBXFileReference; lastKnownFileType = file.xib; path = LoadMoreCommentTableViewCell.xib; sourceTree = "<group>"; };
		576156B520CF7AF300DAC188 /* CommentModel.swift */ = {isa = PBXFileReference; lastKnownFileType = sourcecode.swift; path = CommentModel.swift; sourceTree = "<group>"; };
		5761E31E20D9E5900017855C /* UIView.swift */ = {isa = PBXFileReference; lastKnownFileType = sourcecode.swift; path = UIView.swift; sourceTree = "<group>"; };
		5761E32220DA0F350017855C /* VideoView.swift */ = {isa = PBXFileReference; lastKnownFileType = sourcecode.swift; path = VideoView.swift; sourceTree = "<group>"; };
		5761E32420DA244B0017855C /* PhotoShowViewController.swift */ = {isa = PBXFileReference; lastKnownFileType = sourcecode.swift; path = PhotoShowViewController.swift; sourceTree = "<group>"; };
		5761E32820DA28880017855C /* VideoView.xib */ = {isa = PBXFileReference; lastKnownFileType = file.xib; path = VideoView.xib; sourceTree = "<group>"; };
		5761E32A20DA3A4E0017855C /* String.swift */ = {isa = PBXFileReference; lastKnownFileType = sourcecode.swift; path = String.swift; sourceTree = "<group>"; };
		5763013F20D7590E001E94A8 /* InfoModel.swift */ = {isa = PBXFileReference; lastKnownFileType = sourcecode.swift; path = InfoModel.swift; sourceTree = "<group>"; };
		5763014420D78805001E94A8 /* Constant.swift */ = {isa = PBXFileReference; lastKnownFileType = sourcecode.swift; path = Constant.swift; sourceTree = "<group>"; };
		5763014620D78980001E94A8 /* Url.swift */ = {isa = PBXFileReference; lastKnownFileType = sourcecode.swift; path = Url.swift; sourceTree = "<group>"; };
		5763014E20D7AE32001E94A8 /* PopUpView.swift */ = {isa = PBXFileReference; lastKnownFileType = sourcecode.swift; path = PopUpView.swift; sourceTree = "<group>"; };
		5763015020D7AE4B001E94A8 /* PopUpView.xib */ = {isa = PBXFileReference; lastKnownFileType = file.xib; path = PopUpView.xib; sourceTree = "<group>"; };
		5773C62F20CE2F4E00F748E1 /* CommentViewController.swift */ = {isa = PBXFileReference; lastKnownFileType = sourcecode.swift; path = CommentViewController.swift; sourceTree = "<group>"; };
		5773C63120CE4C6E00F748E1 /* Interactor.swift */ = {isa = PBXFileReference; lastKnownFileType = sourcecode.swift; path = Interactor.swift; sourceTree = "<group>"; };
		5773C63320CE4C8500F748E1 /* DismissAnimator.swift */ = {isa = PBXFileReference; lastKnownFileType = sourcecode.swift; path = DismissAnimator.swift; sourceTree = "<group>"; };
		5773C63520CE776600F748E1 /* CommentTableViewCell.swift */ = {isa = PBXFileReference; lastKnownFileType = sourcecode.swift; path = CommentTableViewCell.swift; sourceTree = "<group>"; };
		5773C63620CE776600F748E1 /* CommentTableViewCell.xib */ = {isa = PBXFileReference; lastKnownFileType = file.xib; path = CommentTableViewCell.xib; sourceTree = "<group>"; };
		577927D820C12E5C003A9413 /* ProfileViewController.swift */ = {isa = PBXFileReference; lastKnownFileType = sourcecode.swift; path = ProfileViewController.swift; sourceTree = "<group>"; };
		577927DA20C144BE003A9413 /* ProfileModel.swift */ = {isa = PBXFileReference; lastKnownFileType = sourcecode.swift; path = ProfileModel.swift; sourceTree = "<group>"; };
		5779610D20D211A600E11F9B /* UINavigationController.swift */ = {isa = PBXFileReference; lastKnownFileType = sourcecode.swift; path = UINavigationController.swift; sourceTree = "<group>"; };
		5779610F20D219AE00E11F9B /* UISearchTextField.swift */ = {isa = PBXFileReference; lastKnownFileType = sourcecode.swift; path = UISearchTextField.swift; sourceTree = "<group>"; };
		5779AF8C20D0B75B0074172E /* PageStoriesViewController.swift */ = {isa = PBXFileReference; lastKnownFileType = sourcecode.swift; path = PageStoriesViewController.swift; sourceTree = "<group>"; };
		5779AF8E20D0B7780074172E /* StoryViewController.swift */ = {isa = PBXFileReference; lastKnownFileType = sourcecode.swift; path = StoryViewController.swift; sourceTree = "<group>"; };
		5788B1A020C4F941004E731E /* UIColor.swift */ = {isa = PBXFileReference; lastKnownFileType = sourcecode.swift; path = UIColor.swift; sourceTree = "<group>"; };
		5788B1A220C50E46004E731E /* UISearchBar.swift */ = {isa = PBXFileReference; lastKnownFileType = sourcecode.swift; path = UISearchBar.swift; sourceTree = "<group>"; };
		5788B1A420C51426004E731E /* Int.swift */ = {isa = PBXFileReference; lastKnownFileType = sourcecode.swift; path = Int.swift; sourceTree = "<group>"; };
		578AC4E420D8942A00F05A9F /* ReactionView.swift */ = {isa = PBXFileReference; lastKnownFileType = sourcecode.swift; path = ReactionView.swift; sourceTree = "<group>"; };
		578AC4E620D8945400F05A9F /* ReactionView.xib */ = {isa = PBXFileReference; lastKnownFileType = file.xib; path = ReactionView.xib; sourceTree = "<group>"; };
		578AC4EE20D8AF7600F05A9F /* ReactionAsset.swift */ = {isa = PBXFileReference; lastKnownFileType = sourcecode.swift; path = ReactionAsset.swift; sourceTree = "<group>"; };
		578AC4F020D8B5DA00F05A9F /* ReactionButton.swift */ = {isa = PBXFileReference; lastKnownFileType = sourcecode.swift; path = ReactionButton.swift; sourceTree = "<group>"; };
		578AC4F220D8B5EA00F05A9F /* ReactionButton.xib */ = {isa = PBXFileReference; lastKnownFileType = file.xib; path = ReactionButton.xib; sourceTree = "<group>"; };
		578F97E020D3BA3A00184A0F /* NewsFeedsViewController.swift */ = {isa = PBXFileReference; fileEncoding = 4; lastKnownFileType = sourcecode.swift; path = NewsFeedsViewController.swift; sourceTree = "<group>"; };
		5791ACE320D2497400F6DB80 /* UILoadingTableView.swift */ = {isa = PBXFileReference; lastKnownFileType = sourcecode.swift; path = UILoadingTableView.swift; sourceTree = "<group>"; };
		579F139D20BBF00700FC9F13 /* FacebookNewFeeds.app */ = {isa = PBXFileReference; explicitFileType = wrapper.application; includeInIndex = 0; path = FacebookNewFeeds.app; sourceTree = BUILT_PRODUCTS_DIR; };
		579F13A020BBF00700FC9F13 /* AppDelegate.swift */ = {isa = PBXFileReference; lastKnownFileType = sourcecode.swift; path = AppDelegate.swift; sourceTree = "<group>"; };
		579F13A520BBF00700FC9F13 /* Base */ = {isa = PBXFileReference; lastKnownFileType = file.storyboard; name = Base; path = Base.lproj/Main.storyboard; sourceTree = "<group>"; };
		579F13A720BBF00F00FC9F13 /* Assets.xcassets */ = {isa = PBXFileReference; lastKnownFileType = folder.assetcatalog; path = Assets.xcassets; sourceTree = "<group>"; };
		579F13AA20BBF00F00FC9F13 /* Base */ = {isa = PBXFileReference; lastKnownFileType = file.storyboard; name = Base; path = Base.lproj/LaunchScreen.storyboard; sourceTree = "<group>"; };
		579F13AC20BBF00F00FC9F13 /* Info.plist */ = {isa = PBXFileReference; lastKnownFileType = text.plist.xml; path = Info.plist; sourceTree = "<group>"; };
		579F13CE20BBF66600FC9F13 /* SignInViewController.swift */ = {isa = PBXFileReference; lastKnownFileType = sourcecode.swift; path = SignInViewController.swift; sourceTree = "<group>"; };
		579F13D020BC05C600FC9F13 /* RegisterViewController.swift */ = {isa = PBXFileReference; lastKnownFileType = sourcecode.swift; path = RegisterViewController.swift; sourceTree = "<group>"; };
		57B2A1B420E2226B006FC9E4 /* AnimateImageView.swift */ = {isa = PBXFileReference; lastKnownFileType = sourcecode.swift; path = AnimateImageView.swift; sourceTree = "<group>"; };
		57B2A1B620E226A2006FC9E4 /* ReusableView.swift */ = {isa = PBXFileReference; lastKnownFileType = sourcecode.swift; path = ReusableView.swift; sourceTree = "<group>"; };
		57B2A1B820E227D1006FC9E4 /* UITableView.swift */ = {isa = PBXFileReference; lastKnownFileType = sourcecode.swift; path = UITableView.swift; sourceTree = "<group>"; };
		57B2A1BA20E2386E006FC9E4 /* UICollectionView.swift */ = {isa = PBXFileReference; lastKnownFileType = sourcecode.swift; path = UICollectionView.swift; sourceTree = "<group>"; };
		57CB61B320BFD06E002880C2 /* UIViewController.swift */ = {isa = PBXFileReference; lastKnownFileType = sourcecode.swift; path = UIViewController.swift; sourceTree = "<group>"; };
		57CB61B520BFE9EF002880C2 /* Date.swift */ = {isa = PBXFileReference; lastKnownFileType = sourcecode.swift; path = Date.swift; sourceTree = "<group>"; };
		57CB61B720BFEFC9002880C2 /* StoryModel.swift */ = {isa = PBXFileReference; lastKnownFileType = sourcecode.swift; path = StoryModel.swift; sourceTree = "<group>"; };
		57CF2CA020CA15820039C58E /* ListAttachView.swift */ = {isa = PBXFileReference; lastKnownFileType = sourcecode.swift; path = ListAttachView.swift; sourceTree = "<group>"; };
		57CF2CA220CA15900039C58E /* ListAttachView.xib */ = {isa = PBXFileReference; lastKnownFileType = file.xib; path = ListAttachView.xib; sourceTree = "<group>"; };
		57CF2CB220CA705F0039C58E /* UIImage.swift */ = {isa = PBXFileReference; lastKnownFileType = sourcecode.swift; path = UIImage.swift; sourceTree = "<group>"; };
		57D83C1B20C90E27002E8ADD /* LoadMoreTableViewCell.swift */ = {isa = PBXFileReference; lastKnownFileType = sourcecode.swift; path = LoadMoreTableViewCell.swift; sourceTree = "<group>"; };
		57D83C1C20C90E27002E8ADD /* LoadMoreTableViewCell.xib */ = {isa = PBXFileReference; lastKnownFileType = file.xib; path = LoadMoreTableViewCell.xib; sourceTree = "<group>"; };
		63766150D209A8B7C7BF6F5E /* Pods_FacebookNewFeedsTests.framework */ = {isa = PBXFileReference; explicitFileType = wrapper.framework; includeInIndex = 0; path = Pods_FacebookNewFeedsTests.framework; sourceTree = BUILT_PRODUCTS_DIR; };
		B7FA8B05DE973186D7A7878A /* Pods-FacebookNewFeeds.release.xcconfig */ = {isa = PBXFileReference; includeInIndex = 1; lastKnownFileType = text.xcconfig; name = "Pods-FacebookNewFeeds.release.xcconfig"; path = "Pods/Target Support Files/Pods-FacebookNewFeeds/Pods-FacebookNewFeeds.release.xcconfig"; sourceTree = "<group>"; };
/* End PBXFileReference section */

/* Begin PBXFrameworksBuildPhase section */
		579F139A20BBF00700FC9F13 /* Frameworks */ = {
			isa = PBXFrameworksBuildPhase;
			buildActionMask = 2147483647;
			files = (
				E6AE7B0205A8020F8E1E9CCF /* Pods_FacebookNewFeeds.framework in Frameworks */,
			);
			runOnlyForDeploymentPostprocessing = 0;
		};
/* End PBXFrameworksBuildPhase section */

/* Begin PBXGroup section */
		4C2468AA760E47C55281F49C /* Pods */ = {
			isa = PBXGroup;
			children = (
				3072659C441CB8A79A5F9DC3 /* Pods-FacebookNewFeeds.debug.xcconfig */,
				B7FA8B05DE973186D7A7878A /* Pods-FacebookNewFeeds.release.xcconfig */,
			);
			name = Pods;
			sourceTree = "<group>";
		};
		572E8D9320BF8DD90067B2D3 /* Extensions */ = {
			isa = PBXGroup;
			children = (
				572E8D9620BF8F0A0067B2D3 /* UIImageView.swift */,
				57CB61B320BFD06E002880C2 /* UIViewController.swift */,
				57CB61B520BFE9EF002880C2 /* Date.swift */,
				5788B1A020C4F941004E731E /* UIColor.swift */,
				5788B1A220C50E46004E731E /* UISearchBar.swift */,
				5788B1A420C51426004E731E /* Int.swift */,
				57CF2CB220CA705F0039C58E /* UIImage.swift */,
				5779610D20D211A600E11F9B /* UINavigationController.swift */,
				5779610F20D219AE00E11F9B /* UISearchTextField.swift */,
				5791ACE320D2497400F6DB80 /* UILoadingTableView.swift */,
				5761E31E20D9E5900017855C /* UIView.swift */,
				5761E32A20DA3A4E0017855C /* String.swift */,
				57B2A1B420E2226B006FC9E4 /* AnimateImageView.swift */,
				57B2A1B620E226A2006FC9E4 /* ReusableView.swift */,
				57B2A1B820E227D1006FC9E4 /* UITableView.swift */,
				57B2A1BA20E2386E006FC9E4 /* UICollectionView.swift */,
			);
			path = Extensions;
			sourceTree = "<group>";
		};
		5734844720BEBA74005CE11F /* Network */ = {
			isa = PBXGroup;
			children = (
				5734844820BEBA74005CE11F /* QueryService.swift */,
			);
			path = Network;
			sourceTree = "<group>";
		};
		5763014320D787D5001E94A8 /* Constants */ = {
			isa = PBXGroup;
			children = (
				5763014420D78805001E94A8 /* Constant.swift */,
				5763014620D78980001E94A8 /* Url.swift */,
			);
			path = Constants;
			sourceTree = "<group>";
		};
		578AC4F420D8E21A00F05A9F /* Reaction */ = {
			isa = PBXGroup;
			children = (
				578AC4E420D8942A00F05A9F /* ReactionView.swift */,
				578AC4E620D8945400F05A9F /* ReactionView.xib */,
				578AC4EE20D8AF7600F05A9F /* ReactionAsset.swift */,
				578AC4F020D8B5DA00F05A9F /* ReactionButton.swift */,
				578AC4F220D8B5EA00F05A9F /* ReactionButton.xib */,
			);
			path = Reaction;
			sourceTree = "<group>";
		};
		578F979020D3938F00184A0F /* Newsfeed */ = {
			isa = PBXGroup;
			children = (
				5761E32420DA244B0017855C /* PhotoShowViewController.swift */,
				578F97E020D3BA3A00184A0F /* NewsFeedsViewController.swift */,
				578F979A20D394FD00184A0F /* Models */,
				578F979120D393A700184A0F /* Views */,
			);
			path = Newsfeed;
			sourceTree = "<group>";
		};
		578F979120D393A700184A0F /* Views */ = {
			isa = PBXGroup;
			children = (
				575C92F820C7B1E80016DE49 /* AttachView.swift */,
				57CF2CA220CA15900039C58E /* ListAttachView.xib */,
				57CF2CA020CA15820039C58E /* ListAttachView.swift */,
				5734844F20BEBAAA005CE11F /* NewsFeedTableViewCell.xib */,
				5734844D20BEBAAA005CE11F /* NewsFeedTableViewCell.swift */,
				5761E32820DA28880017855C /* VideoView.xib */,
				5761E32220DA0F350017855C /* VideoView.swift */,
				575F9E1020E083AD00271460 /* PhotoView.swift */,
				575F9E1220E083CB00271460 /* PhotoView.xib */,
			);
			path = Views;
			sourceTree = "<group>";
		};
		578F979220D393C500184A0F /* Stories */ = {
			isa = PBXGroup;
			children = (
				578F979B20D3951200184A0F /* Models */,
				578F979320D393DB00184A0F /* Views */,
				5779AF8E20D0B7780074172E /* StoryViewController.swift */,
				5779AF8C20D0B75B0074172E /* PageStoriesViewController.swift */,
			);
			path = Stories;
			sourceTree = "<group>";
		};
		578F979320D393DB00184A0F /* Views */ = {
			isa = PBXGroup;
			children = (
				5734844B20BEBAA9005CE11F /* FriendCollectionViewCell.xib */,
				5734845020BEBAAA005CE11F /* FriendCollectionViewCell.swift */,
			);
			path = Views;
			sourceTree = "<group>";
		};
		578F979420D3940A00184A0F /* Comment */ = {
			isa = PBXGroup;
			children = (
				578F979920D394E700184A0F /* Models */,
				578F979520D3941800184A0F /* Views */,
				5773C62F20CE2F4E00F748E1 /* CommentViewController.swift */,
			);
			path = Comment;
			sourceTree = "<group>";
		};
		578F979520D3941800184A0F /* Views */ = {
			isa = PBXGroup;
			children = (
				576156B120CF721400DAC188 /* LoadMoreCommentTableViewCell.swift */,
				576156B220CF721400DAC188 /* LoadMoreCommentTableViewCell.xib */,
				5773C63620CE776600F748E1 /* CommentTableViewCell.xib */,
				5773C63520CE776600F748E1 /* CommentTableViewCell.swift */,
			);
			path = Views;
			sourceTree = "<group>";
		};
		578F979620D3948900184A0F /* Profile */ = {
			isa = PBXGroup;
			children = (
				578F979C20D3952900184A0F /* Models */,
				577927D820C12E5C003A9413 /* ProfileViewController.swift */,
			);
			path = Profile;
			sourceTree = "<group>";
		};
		578F979720D394A200184A0F /* SignIn */ = {
			isa = PBXGroup;
			children = (
				579F13CE20BBF66600FC9F13 /* SignInViewController.swift */,
			);
			path = SignIn;
			sourceTree = "<group>";
		};
		578F979820D394AC00184A0F /* Register */ = {
			isa = PBXGroup;
			children = (
				579F13D020BC05C600FC9F13 /* RegisterViewController.swift */,
			);
			path = Register;
			sourceTree = "<group>";
		};
		578F979920D394E700184A0F /* Models */ = {
			isa = PBXGroup;
			children = (
				576156B520CF7AF300DAC188 /* CommentModel.swift */,
			);
			path = Models;
			sourceTree = "<group>";
		};
		578F979A20D394FD00184A0F /* Models */ = {
			isa = PBXGroup;
			children = (
				5734844620BEBA74005CE11F /* FeedModel.swift */,
				5749A03E20DB3F8800CC2564 /* AttachModel.swift */,
			);
			path = Models;
			sourceTree = "<group>";
		};
		578F979B20D3951200184A0F /* Models */ = {
			isa = PBXGroup;
			children = (
				57CB61B720BFEFC9002880C2 /* StoryModel.swift */,
			);
			path = Models;
			sourceTree = "<group>";
		};
		578F979C20D3952900184A0F /* Models */ = {
			isa = PBXGroup;
			children = (
				577927DA20C144BE003A9413 /* ProfileModel.swift */,
				5763013F20D7590E001E94A8 /* InfoModel.swift */,
			);
			path = Models;
			sourceTree = "<group>";
		};
		579F139420BBF00700FC9F13 = {
			isa = PBXGroup;
			children = (
				579F139F20BBF00700FC9F13 /* FacebookNewFeeds */,
				579F139E20BBF00700FC9F13 /* Products */,
				4C2468AA760E47C55281F49C /* Pods */,
				BEE7766E2950CC36EC78E6A2 /* Frameworks */,
			);
			sourceTree = "<group>";
		};
		579F139E20BBF00700FC9F13 /* Products */ = {
			isa = PBXGroup;
			children = (
				579F139D20BBF00700FC9F13 /* FacebookNewFeeds.app */,
			);
			name = Products;
			sourceTree = "<group>";
		};
		579F139F20BBF00700FC9F13 /* FacebookNewFeeds */ = {
			isa = PBXGroup;
			children = (
				5763014320D787D5001E94A8 /* Constants */,
				578F979820D394AC00184A0F /* Register */,
				578F979720D394A200184A0F /* SignIn */,
				578F979620D3948900184A0F /* Profile */,
				578F979420D3940A00184A0F /* Comment */,
				578F979220D393C500184A0F /* Stories */,
				578F979020D3938F00184A0F /* Newsfeed */,
				572E8D9320BF8DD90067B2D3 /* Extensions */,
				5734844720BEBA74005CE11F /* Network */,
				57C0D28B20BD48590049B51A /* CommonViews */,
				579F13A020BBF00700FC9F13 /* AppDelegate.swift */,
				579F13A420BBF00700FC9F13 /* Main.storyboard */,
				579F13A720BBF00F00FC9F13 /* Assets.xcassets */,
				579F13A920BBF00F00FC9F13 /* LaunchScreen.storyboard */,
				579F13AC20BBF00F00FC9F13 /* Info.plist */,
			);
			path = FacebookNewFeeds;
			sourceTree = "<group>";
		};
		57C0D28B20BD48590049B51A /* CommonViews */ = {
			isa = PBXGroup;
			children = (
				578AC4F420D8E21A00F05A9F /* Reaction */,
				57D83C1B20C90E27002E8ADD /* LoadMoreTableViewCell.swift */,
				57D83C1C20C90E27002E8ADD /* LoadMoreTableViewCell.xib */,
				5773C63120CE4C6E00F748E1 /* Interactor.swift */,
				5773C63320CE4C8500F748E1 /* DismissAnimator.swift */,
				5763014E20D7AE32001E94A8 /* PopUpView.swift */,
				5763015020D7AE4B001E94A8 /* PopUpView.xib */,
			);
			path = CommonViews;
			sourceTree = "<group>";
		};
		BEE7766E2950CC36EC78E6A2 /* Frameworks */ = {
			isa = PBXGroup;
			children = (
				574C52FB20CA7CC3003F94D9 /* Alamofire.framework */,
				574C52F920CA7C88003F94D9 /* SDWebImage.framework */,
				0567382A97521C0D086B9047 /* Pods_FacebookNewFeeds.framework */,
				63766150D209A8B7C7BF6F5E /* Pods_FacebookNewFeedsTests.framework */,
				16CE680084F53EFCAC7C34B7 /* Pods_FacebookNewFeedsUITests.framework */,
			);
			name = Frameworks;
			sourceTree = "<group>";
		};
/* End PBXGroup section */

/* Begin PBXNativeTarget section */
		579F139C20BBF00700FC9F13 /* FacebookNewFeeds */ = {
			isa = PBXNativeTarget;
			buildConfigurationList = 579F13C520BBF00F00FC9F13 /* Build configuration list for PBXNativeTarget "FacebookNewFeeds" */;
			buildPhases = (
				CE6C6303293BB5C666B2EE34 /* [CP] Check Pods Manifest.lock */,
				579F139920BBF00700FC9F13 /* Sources */,
				579F139A20BBF00700FC9F13 /* Frameworks */,
				579F139B20BBF00700FC9F13 /* Resources */,
				4B86404420BC03EA008D0E77 /* ShellScript */,
				CAD2A8D89EEDE8046664E89B /* [CP] Embed Pods Frameworks */,
			);
			buildRules = (
			);
			dependencies = (
			);
			name = FacebookNewFeeds;
			productName = FacebookNewFeeds;
			productReference = 579F139D20BBF00700FC9F13 /* FacebookNewFeeds.app */;
			productType = "com.apple.product-type.application";
		};
/* End PBXNativeTarget section */

/* Begin PBXProject section */
		579F139520BBF00700FC9F13 /* Project object */ = {
			isa = PBXProject;
			attributes = {
				LastSwiftUpdateCheck = 0930;
				LastUpgradeCheck = 0930;
				ORGANIZATIONNAME = ha.thi.hoan;
				TargetAttributes = {
					579F139C20BBF00700FC9F13 = {
						CreatedOnToolsVersion = 9.3.1;
					};
				};
			};
			buildConfigurationList = 579F139820BBF00700FC9F13 /* Build configuration list for PBXProject "FacebookNewFeeds" */;
			compatibilityVersion = "Xcode 9.3";
			developmentRegion = en;
			hasScannedForEncodings = 0;
			knownRegions = (
				en,
				Base,
			);
			mainGroup = 579F139420BBF00700FC9F13;
			productRefGroup = 579F139E20BBF00700FC9F13 /* Products */;
			projectDirPath = "";
			projectRoot = "";
			targets = (
				579F139C20BBF00700FC9F13 /* FacebookNewFeeds */,
			);
		};
/* End PBXProject section */

/* Begin PBXResourcesBuildPhase section */
		579F139B20BBF00700FC9F13 /* Resources */ = {
			isa = PBXResourcesBuildPhase;
			buildActionMask = 2147483647;
			files = (
				5734845120BEBAAA005CE11F /* FriendCollectionViewCell.xib in Resources */,
				579F13AB20BBF00F00FC9F13 /* LaunchScreen.storyboard in Resources */,
				579F13A820BBF00F00FC9F13 /* Assets.xcassets in Resources */,
				57CF2CA320CA15900039C58E /* ListAttachView.xib in Resources */,
				576156B420CF721400DAC188 /* LoadMoreCommentTableViewCell.xib in Resources */,
				579F13A620BBF00700FC9F13 /* Main.storyboard in Resources */,
				5734845520BEBAAA005CE11F /* NewsFeedTableViewCell.xib in Resources */,
				575F9E1320E083CB00271460 /* PhotoView.xib in Resources */,
				5773C63820CE776600F748E1 /* CommentTableViewCell.xib in Resources */,
				578AC4F320D8B5EA00F05A9F /* ReactionButton.xib in Resources */,
				578AC4E720D8945400F05A9F /* ReactionView.xib in Resources */,
				5763015120D7AE4B001E94A8 /* PopUpView.xib in Resources */,
				5761E32920DA28880017855C /* VideoView.xib in Resources */,
				57D83C1E20C90E27002E8ADD /* LoadMoreTableViewCell.xib in Resources */,
			);
			runOnlyForDeploymentPostprocessing = 0;
		};
/* End PBXResourcesBuildPhase section */

/* Begin PBXShellScriptBuildPhase section */
		4B86404420BC03EA008D0E77 /* ShellScript */ = {
			isa = PBXShellScriptBuildPhase;
			buildActionMask = 2147483647;
			files = (
			);
			inputPaths = (
			);
			outputPaths = (
			);
			runOnlyForDeploymentPostprocessing = 0;
			shellPath = /bin/sh;
			shellScript = "if which swiftlint >/dev/null; then\nswiftlint\nelse echo \"warning: SwiftLint not installed, download from https://github.com/realm/SwiftLint\"\nfi";
		};
		CAD2A8D89EEDE8046664E89B /* [CP] Embed Pods Frameworks */ = {
			isa = PBXShellScriptBuildPhase;
			buildActionMask = 2147483647;
			files = (
			);
			inputPaths = (
				"${SRCROOT}/Pods/Target Support Files/Pods-FacebookNewFeeds/Pods-FacebookNewFeeds-frameworks.sh",
				"${BUILT_PRODUCTS_DIR}/Alamofire/Alamofire.framework",
				"${BUILT_PRODUCTS_DIR}/SDWebImage/SDWebImage.framework",
			);
			name = "[CP] Embed Pods Frameworks";
			outputPaths = (
				"${TARGET_BUILD_DIR}/${FRAMEWORKS_FOLDER_PATH}/Alamofire.framework",
				"${TARGET_BUILD_DIR}/${FRAMEWORKS_FOLDER_PATH}/SDWebImage.framework",
			);
			runOnlyForDeploymentPostprocessing = 0;
			shellPath = /bin/sh;
			shellScript = "\"${SRCROOT}/Pods/Target Support Files/Pods-FacebookNewFeeds/Pods-FacebookNewFeeds-frameworks.sh\"\n";
			showEnvVarsInLog = 0;
		};
		CE6C6303293BB5C666B2EE34 /* [CP] Check Pods Manifest.lock */ = {
			isa = PBXShellScriptBuildPhase;
			buildActionMask = 2147483647;
			files = (
			);
			inputPaths = (
				"${PODS_PODFILE_DIR_PATH}/Podfile.lock",
				"${PODS_ROOT}/Manifest.lock",
			);
			name = "[CP] Check Pods Manifest.lock";
			outputPaths = (
				"$(DERIVED_FILE_DIR)/Pods-FacebookNewFeeds-checkManifestLockResult.txt",
			);
			runOnlyForDeploymentPostprocessing = 0;
			shellPath = /bin/sh;
			shellScript = "diff \"${PODS_PODFILE_DIR_PATH}/Podfile.lock\" \"${PODS_ROOT}/Manifest.lock\" > /dev/null\nif [ $? != 0 ] ; then\n    # print error to STDERR\n    echo \"error: The sandbox is not in sync with the Podfile.lock. Run 'pod install' or update your CocoaPods installation.\" >&2\n    exit 1\nfi\n# This output is used by Xcode 'outputs' to avoid re-running this script phase.\necho \"SUCCESS\" > \"${SCRIPT_OUTPUT_FILE_0}\"\n";
			showEnvVarsInLog = 0;
		};
/* End PBXShellScriptBuildPhase section */

/* Begin PBXSourcesBuildPhase section */
		579F139920BBF00700FC9F13 /* Sources */ = {
			isa = PBXSourcesBuildPhase;
			buildActionMask = 2147483647;
			files = (
				5761E31F20D9E5900017855C /* UIView.swift in Sources */,
				5779AF8F20D0B7780074172E /* StoryViewController.swift in Sources */,
				5761E32B20DA3A4E0017855C /* String.swift in Sources */,
				575F9E1120E083AD00271460 /* PhotoView.swift in Sources */,
				5763014520D78805001E94A8 /* Constant.swift in Sources */,
				577927DB20C144BE003A9413 /* ProfileModel.swift in Sources */,
				57CF2CB320CA705F0039C58E /* UIImage.swift in Sources */,
				5734844920BEBA74005CE11F /* FeedModel.swift in Sources */,
				572E8D9720BF8F0A0067B2D3 /* UIImageView.swift in Sources */,
				5734845620BEBAAA005CE11F /* FriendCollectionViewCell.swift in Sources */,
				57CB61B420BFD06E002880C2 /* UIViewController.swift in Sources */,
				5773C63220CE4C6E00F748E1 /* Interactor.swift in Sources */,
				5763014720D78980001E94A8 /* Url.swift in Sources */,
				575C92F920C7B1E80016DE49 /* AttachView.swift in Sources */,
				5773C63020CE2F4E00F748E1 /* CommentViewController.swift in Sources */,
				578AC4EF20D8AF7600F05A9F /* ReactionAsset.swift in Sources */,
				5788B1A120C4F941004E731E /* UIColor.swift in Sources */,
				578AC4E520D8942A00F05A9F /* ReactionView.swift in Sources */,
				57B2A1B520E2226B006FC9E4 /* AnimateImageView.swift in Sources */,
				577927D920C12E5C003A9413 /* ProfileViewController.swift in Sources */,
				5788B1A320C50E46004E731E /* UISearchBar.swift in Sources */,
				57CF2CA120CA15820039C58E /* ListAttachView.swift in Sources */,
				579F13D120BC05C700FC9F13 /* RegisterViewController.swift in Sources */,
				57B2A1BB20E2386E006FC9E4 /* UICollectionView.swift in Sources */,
				5761E32520DA244B0017855C /* PhotoShowViewController.swift in Sources */,
				5779611020D219AE00E11F9B /* UISearchTextField.swift in Sources */,
				576156B320CF721400DAC188 /* LoadMoreCommentTableViewCell.swift in Sources */,
				5734844A20BEBA74005CE11F /* QueryService.swift in Sources */,
				5773C63420CE4C8500F748E1 /* DismissAnimator.swift in Sources */,
				57D83C1D20C90E27002E8ADD /* LoadMoreTableViewCell.swift in Sources */,
				57B2A1B920E227D1006FC9E4 /* UITableView.swift in Sources */,
				57CB61B620BFE9EF002880C2 /* Date.swift in Sources */,
				5734845320BEBAAA005CE11F /* NewsFeedTableViewCell.swift in Sources */,
				5773C63720CE776600F748E1 /* CommentTableViewCell.swift in Sources */,
				5763014020D7590E001E94A8 /* InfoModel.swift in Sources */,
				5761E32320DA0F350017855C /* VideoView.swift in Sources */,
				5791ACE420D2497400F6DB80 /* UILoadingTableView.swift in Sources */,
				578F97E120D3BA3A00184A0F /* NewsFeedsViewController.swift in Sources */,
				5763014F20D7AE32001E94A8 /* PopUpView.swift in Sources */,
				579F13A120BBF00700FC9F13 /* AppDelegate.swift in Sources */,
				578AC4F120D8B5DA00F05A9F /* ReactionButton.swift in Sources */,
				57B2A1B720E226A2006FC9E4 /* ReusableView.swift in Sources */,
				5788B1A520C51426004E731E /* Int.swift in Sources */,
				5749A03F20DB3F8800CC2564 /* AttachModel.swift in Sources */,
				576156B620CF7AF300DAC188 /* CommentModel.swift in Sources */,
				579F13CF20BBF66600FC9F13 /* SignInViewController.swift in Sources */,
				5779610E20D211A600E11F9B /* UINavigationController.swift in Sources */,
				57CB61B820BFEFC9002880C2 /* StoryModel.swift in Sources */,
				5779AF8D20D0B75B0074172E /* PageStoriesViewController.swift in Sources */,
			);
			runOnlyForDeploymentPostprocessing = 0;
		};
/* End PBXSourcesBuildPhase section */

/* Begin PBXVariantGroup section */
		579F13A420BBF00700FC9F13 /* Main.storyboard */ = {
			isa = PBXVariantGroup;
			children = (
				579F13A520BBF00700FC9F13 /* Base */,
			);
			name = Main.storyboard;
			sourceTree = "<group>";
		};
		579F13A920BBF00F00FC9F13 /* LaunchScreen.storyboard */ = {
			isa = PBXVariantGroup;
			children = (
				579F13AA20BBF00F00FC9F13 /* Base */,
			);
			name = LaunchScreen.storyboard;
			sourceTree = "<group>";
		};
/* End PBXVariantGroup section */

/* Begin XCBuildConfiguration section */
		579F13C320BBF00F00FC9F13 /* Debug */ = {
			isa = XCBuildConfiguration;
			buildSettings = {
				ALWAYS_SEARCH_USER_PATHS = NO;
				CLANG_ANALYZER_NONNULL = YES;
				CLANG_ANALYZER_NUMBER_OBJECT_CONVERSION = YES_AGGRESSIVE;
				CLANG_CXX_LANGUAGE_STANDARD = "gnu++14";
				CLANG_CXX_LIBRARY = "libc++";
				CLANG_ENABLE_MODULES = YES;
				CLANG_ENABLE_OBJC_ARC = YES;
				CLANG_ENABLE_OBJC_WEAK = YES;
				CLANG_WARN_BLOCK_CAPTURE_AUTORELEASING = YES;
				CLANG_WARN_BOOL_CONVERSION = YES;
				CLANG_WARN_COMMA = YES;
				CLANG_WARN_CONSTANT_CONVERSION = YES;
				CLANG_WARN_DEPRECATED_OBJC_IMPLEMENTATIONS = YES;
				CLANG_WARN_DIRECT_OBJC_ISA_USAGE = YES_ERROR;
				CLANG_WARN_DOCUMENTATION_COMMENTS = YES;
				CLANG_WARN_EMPTY_BODY = YES;
				CLANG_WARN_ENUM_CONVERSION = YES;
				CLANG_WARN_INFINITE_RECURSION = YES;
				CLANG_WARN_INT_CONVERSION = YES;
				CLANG_WARN_NON_LITERAL_NULL_CONVERSION = YES;
				CLANG_WARN_OBJC_IMPLICIT_RETAIN_SELF = YES;
				CLANG_WARN_OBJC_LITERAL_CONVERSION = YES;
				CLANG_WARN_OBJC_ROOT_CLASS = YES_ERROR;
				CLANG_WARN_RANGE_LOOP_ANALYSIS = YES;
				CLANG_WARN_STRICT_PROTOTYPES = YES;
				CLANG_WARN_SUSPICIOUS_MOVE = YES;
				CLANG_WARN_UNGUARDED_AVAILABILITY = YES_AGGRESSIVE;
				CLANG_WARN_UNREACHABLE_CODE = YES;
				CLANG_WARN__DUPLICATE_METHOD_MATCH = YES;
				CODE_SIGN_IDENTITY = "iPhone Developer";
				COPY_PHASE_STRIP = NO;
				DEBUG_INFORMATION_FORMAT = dwarf;
				ENABLE_STRICT_OBJC_MSGSEND = YES;
				ENABLE_TESTABILITY = YES;
				GCC_C_LANGUAGE_STANDARD = gnu11;
				GCC_DYNAMIC_NO_PIC = NO;
				GCC_NO_COMMON_BLOCKS = YES;
				GCC_OPTIMIZATION_LEVEL = 0;
				GCC_PREPROCESSOR_DEFINITIONS = (
					"DEBUG=1",
					"$(inherited)",
				);
				GCC_WARN_64_TO_32_BIT_CONVERSION = YES;
				GCC_WARN_ABOUT_RETURN_TYPE = YES_ERROR;
				GCC_WARN_UNDECLARED_SELECTOR = YES;
				GCC_WARN_UNINITIALIZED_AUTOS = YES_AGGRESSIVE;
				GCC_WARN_UNUSED_FUNCTION = YES;
				GCC_WARN_UNUSED_VARIABLE = YES;
				IPHONEOS_DEPLOYMENT_TARGET = 11.3;
				MTL_ENABLE_DEBUG_INFO = YES;
				ONLY_ACTIVE_ARCH = YES;
				SDKROOT = iphoneos;
				SWIFT_ACTIVE_COMPILATION_CONDITIONS = DEBUG;
				SWIFT_OPTIMIZATION_LEVEL = "-Onone";
			};
			name = Debug;
		};
		579F13C420BBF00F00FC9F13 /* Release */ = {
			isa = XCBuildConfiguration;
			buildSettings = {
				ALWAYS_SEARCH_USER_PATHS = NO;
				CLANG_ANALYZER_NONNULL = YES;
				CLANG_ANALYZER_NUMBER_OBJECT_CONVERSION = YES_AGGRESSIVE;
				CLANG_CXX_LANGUAGE_STANDARD = "gnu++14";
				CLANG_CXX_LIBRARY = "libc++";
				CLANG_ENABLE_MODULES = YES;
				CLANG_ENABLE_OBJC_ARC = YES;
				CLANG_ENABLE_OBJC_WEAK = YES;
				CLANG_WARN_BLOCK_CAPTURE_AUTORELEASING = YES;
				CLANG_WARN_BOOL_CONVERSION = YES;
				CLANG_WARN_COMMA = YES;
				CLANG_WARN_CONSTANT_CONVERSION = YES;
				CLANG_WARN_DEPRECATED_OBJC_IMPLEMENTATIONS = YES;
				CLANG_WARN_DIRECT_OBJC_ISA_USAGE = YES_ERROR;
				CLANG_WARN_DOCUMENTATION_COMMENTS = YES;
				CLANG_WARN_EMPTY_BODY = YES;
				CLANG_WARN_ENUM_CONVERSION = YES;
				CLANG_WARN_INFINITE_RECURSION = YES;
				CLANG_WARN_INT_CONVERSION = YES;
				CLANG_WARN_NON_LITERAL_NULL_CONVERSION = YES;
				CLANG_WARN_OBJC_IMPLICIT_RETAIN_SELF = YES;
				CLANG_WARN_OBJC_LITERAL_CONVERSION = YES;
				CLANG_WARN_OBJC_ROOT_CLASS = YES_ERROR;
				CLANG_WARN_RANGE_LOOP_ANALYSIS = YES;
				CLANG_WARN_STRICT_PROTOTYPES = YES;
				CLANG_WARN_SUSPICIOUS_MOVE = YES;
				CLANG_WARN_UNGUARDED_AVAILABILITY = YES_AGGRESSIVE;
				CLANG_WARN_UNREACHABLE_CODE = YES;
				CLANG_WARN__DUPLICATE_METHOD_MATCH = YES;
				CODE_SIGN_IDENTITY = "iPhone Developer";
				COPY_PHASE_STRIP = NO;
				DEBUG_INFORMATION_FORMAT = "dwarf-with-dsym";
				ENABLE_NS_ASSERTIONS = NO;
				ENABLE_STRICT_OBJC_MSGSEND = YES;
				GCC_C_LANGUAGE_STANDARD = gnu11;
				GCC_NO_COMMON_BLOCKS = YES;
				GCC_WARN_64_TO_32_BIT_CONVERSION = YES;
				GCC_WARN_ABOUT_RETURN_TYPE = YES_ERROR;
				GCC_WARN_UNDECLARED_SELECTOR = YES;
				GCC_WARN_UNINITIALIZED_AUTOS = YES_AGGRESSIVE;
				GCC_WARN_UNUSED_FUNCTION = YES;
				GCC_WARN_UNUSED_VARIABLE = YES;
				IPHONEOS_DEPLOYMENT_TARGET = 11.3;
				MTL_ENABLE_DEBUG_INFO = NO;
				SDKROOT = iphoneos;
				SWIFT_COMPILATION_MODE = wholemodule;
				SWIFT_OPTIMIZATION_LEVEL = "-O";
				VALIDATE_PRODUCT = YES;
			};
			name = Release;
		};
		579F13C620BBF00F00FC9F13 /* Debug */ = {
			isa = XCBuildConfiguration;
			baseConfigurationReference = 3072659C441CB8A79A5F9DC3 /* Pods-FacebookNewFeeds.debug.xcconfig */;
			buildSettings = {
				ASSETCATALOG_COMPILER_APPICON_NAME = AppIcon;
				CODE_SIGN_IDENTITY = "iPhone Developer";
				CODE_SIGN_STYLE = Automatic;
				DEVELOPMENT_TEAM = 5B85C7CR7R;
				INFOPLIST_FILE = FacebookNewFeeds/Info.plist;
				LD_RUNPATH_SEARCH_PATHS = (
					"$(inherited)",
					"@executable_path/Frameworks",
				);
				PRODUCT_BUNDLE_IDENTIFIER = com.framgia.FacebookNewFeed.FacebookNewFeeds;
				PRODUCT_NAME = "$(TARGET_NAME)";
				PROVISIONING_PROFILE_SPECIFIER = "";
				SWIFT_VERSION = 4.0;
				TARGETED_DEVICE_FAMILY = "1,2";
			};
			name = Debug;
		};
		579F13C720BBF00F00FC9F13 /* Release */ = {
			isa = XCBuildConfiguration;
			baseConfigurationReference = B7FA8B05DE973186D7A7878A /* Pods-FacebookNewFeeds.release.xcconfig */;
			buildSettings = {
				ASSETCATALOG_COMPILER_APPICON_NAME = AppIcon;
				CODE_SIGN_IDENTITY = "iPhone Developer";
				CODE_SIGN_STYLE = Automatic;
				DEVELOPMENT_TEAM = 5B85C7CR7R;
				INFOPLIST_FILE = FacebookNewFeeds/Info.plist;
				LD_RUNPATH_SEARCH_PATHS = (
					"$(inherited)",
					"@executable_path/Frameworks",
				);
				PRODUCT_BUNDLE_IDENTIFIER = com.framgia.FacebookNewFeed.FacebookNewFeeds;
				PRODUCT_NAME = "$(TARGET_NAME)";
				PROVISIONING_PROFILE_SPECIFIER = "";
				SWIFT_VERSION = 4.0;
				TARGETED_DEVICE_FAMILY = "1,2";
			};
			name = Release;
		};
/* End XCBuildConfiguration section */

/* Begin XCConfigurationList section */
		579F139820BBF00700FC9F13 /* Build configuration list for PBXProject "FacebookNewFeeds" */ = {
			isa = XCConfigurationList;
			buildConfigurations = (
				579F13C320BBF00F00FC9F13 /* Debug */,
				579F13C420BBF00F00FC9F13 /* Release */,
			);
			defaultConfigurationIsVisible = 0;
			defaultConfigurationName = Release;
		};
		579F13C520BBF00F00FC9F13 /* Build configuration list for PBXNativeTarget "FacebookNewFeeds" */ = {
			isa = XCConfigurationList;
			buildConfigurations = (
				579F13C620BBF00F00FC9F13 /* Debug */,
				579F13C720BBF00F00FC9F13 /* Release */,
			);
			defaultConfigurationIsVisible = 0;
			defaultConfigurationName = Release;
		};
/* End XCConfigurationList section */
	};
	rootObject = 579F139520BBF00700FC9F13 /* Project object */;
}
